
Microsoft Visual Studio Solution File, Format Version 12.00
# Visual Studio Version 17
VisualStudioVersion = 17.7.34202.233
MinimumVisualStudioVersion = 10.0.40219.1
Project("{FAE04EC0-301F-11D3-BF4B-00C04F79EFBC}") = "LinkedOut", "LinkedOut\LinkedOut.csproj", "{16FCEA04-1CF9-4245-AF23-5224BFEE8DA4}"
EndProject
Project("{FAE04EC0-301F-11D3-BF4B-00C04F79EFBC}") = "LinkedOut.Tests", "LinkedOut.Tests\LinkedOut.Tests.csproj", "{79414021-B8A5-4971-B0E5-17EBCEB57A32}"
EndProject
Global
	GlobalSection(SolutionConfigurationPlatforms) = preSolution
		Debug|Any CPU = Debug|Any CPU
		Release|Any CPU = Release|Any CPU
	EndGlobalSection
	GlobalSection(ProjectConfigurationPlatforms) = postSolution
		{16FCEA04-1CF9-4245-AF23-5224BFEE8DA4}.Debug|Any CPU.ActiveCfg = Debug|Any CPU
		{16FCEA04-1CF9-4245-AF23-5224BFEE8DA4}.Debug|Any CPU.Build.0 = Debug|Any CPU
		{16FCEA04-1CF9-4245-AF23-5224BFEE8DA4}.Release|Any CPU.ActiveCfg = Release|Any CPU
		{16FCEA04-1CF9-4245-AF23-5224BFEE8DA4}.Release|Any CPU.Build.0 = Release|Any CPU
		{79414021-B8A5-4971-B0E5-17EBCEB57A32}.Debug|Any CPU.ActiveCfg = Debug|Any CPU
		{79414021-B8A5-4971-B0E5-17EBCEB57A32}.Debug|Any CPU.Build.0 = Debug|Any CPU
		{79414021-B8A5-4971-B0E5-17EBCEB57A32}.Release|Any CPU.ActiveCfg = Release|Any CPU
		{79414021-B8A5-4971-B0E5-17EBCEB57A32}.Release|Any CPU.Build.0 = Release|Any CPU
	EndGlobalSection
	GlobalSection(SolutionProperties) = preSolution
		HideSolutionNode = FALSE
	EndGlobalSection
	GlobalSection(ExtensibilityGlobals) = postSolution
		SolutionGuid = {8E38F1A0-C61F-41FC-BCD4-9F3DE3F7828F}
	EndGlobalSection
EndGlobal
